
Microsoft Visual Studio Solution File, Format Version 12.00
# Visual Studio 15
VisualStudioVersion = 15.0.26124.0
MinimumVisualStudioVersion = 15.0.26124.0
Project("{2150E333-8FDC-42A3-9474-1A3956D46DE8}") = "src", "src", "{37450A65-426B-49B3-B9C8-E73C6CD3B471}"
EndProject
Project("{FAE04EC0-301F-11D3-BF4B-00C04F79EFBC}") = "TwitterDump", "src\TwitterDump\TwitterDump.csproj", "{5B111C29-494B-4ADE-B6C4-3A431DCBB33A}"
EndProject
Global
	GlobalSection(SolutionConfigurationPlatforms) = preSolution
		Debug|Any CPU = Debug|Any CPU
		Debug|x64 = Debug|x64
		Debug|x86 = Debug|x86
		Release|Any CPU = Release|Any CPU
		Release|x64 = Release|x64
		Release|x86 = Release|x86
	EndGlobalSection
	GlobalSection(SolutionProperties) = preSolution
		HideSolutionNode = FALSE
	EndGlobalSection
	GlobalSection(ProjectConfigurationPlatforms) = postSolution
		{5B111C29-494B-4ADE-B6C4-3A431DCBB33A}.Debug|Any CPU.ActiveCfg = Debug|Any CPU
		{5B111C29-494B-4ADE-B6C4-3A431DCBB33A}.Debug|Any CPU.Build.0 = Debug|Any CPU
		{5B111C29-494B-4ADE-B6C4-3A431DCBB33A}.Debug|x64.ActiveCfg = Debug|Any CPU
		{5B111C29-494B-4ADE-B6C4-3A431DCBB33A}.Debug|x64.Build.0 = Debug|Any CPU
		{5B111C29-494B-4ADE-B6C4-3A431DCBB33A}.Debug|x86.ActiveCfg = Debug|Any CPU
		{5B111C29-494B-4ADE-B6C4-3A431DCBB33A}.Debug|x86.Build.0 = Debug|Any CPU
		{5B111C29-494B-4ADE-B6C4-3A431DCBB33A}.Release|Any CPU.ActiveCfg = Release|Any CPU
		{5B111C29-494B-4ADE-B6C4-3A431DCBB33A}.Release|Any CPU.Build.0 = Release|Any CPU
		{5B111C29-494B-4ADE-B6C4-3A431DCBB33A}.Release|x64.ActiveCfg = Release|Any CPU
		{5B111C29-494B-4ADE-B6C4-3A431DCBB33A}.Release|x64.Build.0 = Release|Any CPU
		{5B111C29-494B-4ADE-B6C4-3A431DCBB33A}.Release|x86.ActiveCfg = Release|Any CPU
		{5B111C29-494B-4ADE-B6C4-3A431DCBB33A}.Release|x86.Build.0 = Release|Any CPU
	EndGlobalSection
	GlobalSection(NestedProjects) = preSolution
		{5B111C29-494B-4ADE-B6C4-3A431DCBB33A} = {37450A65-426B-49B3-B9C8-E73C6CD3B471}
	EndGlobalSection
EndGlobal
